
Microsoft Visual Studio Solution File, Format Version 12.00
# Visual Studio Version 17
VisualStudioVersion = 17.1.32414.318
MinimumVisualStudioVersion = 10.0.40219.1
Project("{2150E333-8FDC-42A3-9474-1A3956D46DE8}") = "_Solution Items", "_Solution Items", "{D449EFC6-4D96-4FF2-B01F-A4748B50D9C3}"
	ProjectSection(SolutionItems) = preProject
		.editorconfig = .editorconfig
		Directory.Build.props = Directory.Build.props
		Directory.Build.targets = Directory.Build.targets
		README.md = README.md
	EndProjectSection
EndProject
Project("{2150E333-8FDC-42A3-9474-1A3956D46DE8}") = "_ProjectCommons", "_ProjectCommons", "{BA1E9B9F-AD3B-41A4-B9AC-490A101FD762}"
	ProjectSection(SolutionItems) = preProject
		_ProjectCommons\CA.globalconfig = _ProjectCommons\CA.globalconfig
		_ProjectCommons\Common.Directory.Build.props = _ProjectCommons\Common.Directory.Build.props
		_ProjectCommons\Common.Directory.Build.targets = _ProjectCommons\Common.Directory.Build.targets
		_ProjectCommons\Project.Code.props = _ProjectCommons\Project.Code.props
		_ProjectCommons\Project.Code_Packages.props = _ProjectCommons\Project.Code_Packages.props
		_ProjectCommons\Project.NuGetPackage.props = _ProjectCommons\Project.NuGetPackage.props
		_ProjectCommons\Project.NuGetPackage_Post.props = _ProjectCommons\Project.NuGetPackage_Post.props
		_ProjectCommons\Project.Sample.props = _ProjectCommons\Project.Sample.props
		_ProjectCommons\Project.Shared.props = _ProjectCommons\Project.Shared.props
		_ProjectCommons\Project.Shared_Packages.props = _ProjectCommons\Project.Shared_Packages.props
		_ProjectCommons\Project.Tests.props = _ProjectCommons\Project.Tests.props
		_ProjectCommons\Project.Tests_Packages.props = _ProjectCommons\Project.Tests_Packages.props
		_ProjectCommons\Project.Tool.props = _ProjectCommons\Project.Tool.props
		_ProjectCommons\StyleGuide.globalconfig = _ProjectCommons\StyleGuide.globalconfig
	EndProjectSection
EndProject
Project("{2150E333-8FDC-42A3-9474-1A3956D46DE8}") = "src", "src", "{32140DA4-CE8A-43BC-B6BF-256C90495E1E}"
	ProjectSection(SolutionItems) = preProject
		src\.editorconfig = src\.editorconfig
	EndProjectSection
EndProject
Project("{2150E333-8FDC-42A3-9474-1A3956D46DE8}") = "tests", "tests", "{80C6C1F6-CB66-493B-B8E1-276D4CCFB170}"
EndProject
Project("{9A19103F-16F7-4668-BE54-9A1E7A4F7556}") = "Mustache.MSBuild", "src\Mustache.MSBuild\Mustache.MSBuild.csproj", "{BAAC0339-D061-45E7-B9DF-E90961465910}"
EndProject
Global
	GlobalSection(SolutionConfigurationPlatforms) = preSolution
		Debug|Any CPU = Debug|Any CPU
		Release|Any CPU = Release|Any CPU
	EndGlobalSection
	GlobalSection(ProjectConfigurationPlatforms) = postSolution
		{BAAC0339-D061-45E7-B9DF-E90961465910}.Debug|Any CPU.ActiveCfg = Debug|Any CPU
		{BAAC0339-D061-45E7-B9DF-E90961465910}.Debug|Any CPU.Build.0 = Debug|Any CPU
		{BAAC0339-D061-45E7-B9DF-E90961465910}.Release|Any CPU.ActiveCfg = Release|Any CPU
		{BAAC0339-D061-45E7-B9DF-E90961465910}.Release|Any CPU.Build.0 = Release|Any CPU
	EndGlobalSection
	GlobalSection(SolutionProperties) = preSolution
		HideSolutionNode = FALSE
	EndGlobalSection
	GlobalSection(NestedProjects) = preSolution
		{BA1E9B9F-AD3B-41A4-B9AC-490A101FD762} = {D449EFC6-4D96-4FF2-B01F-A4748B50D9C3}
		{BAAC0339-D061-45E7-B9DF-E90961465910} = {32140DA4-CE8A-43BC-B6BF-256C90495E1E}
	EndGlobalSection
	GlobalSection(ExtensibilityGlobals) = postSolution
		SolutionGuid = {FF64C9CC-C599-47C6-892D-FB620795361C}
	EndGlobalSection
EndGlobal
